
Microsoft Visual Studio Solution File, Format Version 12.00
# Visual Studio Version 17
VisualStudioVersion = 17.11.35327.3
MinimumVisualStudioVersion = 10.0.40219.1
Project("{F184B08F-C81C-45F6-A57F-5ABD9991F28F}") = "FOOD_хранение рецептов", "FOOD_хранение рецептов\FOOD_хранение рецептов.vbproj", "{69EB5C7E-C635-4403-87CF-50C0A225E079}"
EndProject
Global
	GlobalSection(SolutionConfigurationPlatforms) = preSolution
		Debug|Any CPU = Debug|Any CPU
		Release|Any CPU = Release|Any CPU
	EndGlobalSection
	GlobalSection(ProjectConfigurationPlatforms) = postSolution
		{69EB5C7E-C635-4403-87CF-50C0A225E079}.Debug|Any CPU.ActiveCfg = Debug|Any CPU
		{69EB5C7E-C635-4403-87CF-50C0A225E079}.Debug|Any CPU.Build.0 = Debug|Any CPU
		{69EB5C7E-C635-4403-87CF-50C0A225E079}.Release|Any CPU.ActiveCfg = Release|Any CPU
		{69EB5C7E-C635-4403-87CF-50C0A225E079}.Release|Any CPU.Build.0 = Release|Any CPU
	EndGlobalSection
	GlobalSection(SolutionProperties) = preSolution
		HideSolutionNode = FALSE
	EndGlobalSection
	GlobalSection(ExtensibilityGlobals) = postSolution
		SolutionGuid = {70D72627-3BC2-40F0-8C02-9A731B945B25}
	EndGlobalSection
EndGlobal
